
Microsoft Visual Studio Solution File, Format Version 12.00
# Visual Studio 15
VisualStudioVersion = 15.0.27428.1
MinimumVisualStudioVersion = 10.0.40219.1
Project("{8BC9CEB8-8B4A-11D0-8D11-00A0C91BC942}") = "SCFM", "SCFM.vcxproj", "{D261B139-0244-452F-A7F8-CDB8A362BC2F}"
EndProject
Project("{8BC9CEB8-8B4A-11D0-8D11-00A0C91BC942}") = "HomeWork1", "..\HomeWork1\HomeWork1.vcxproj", "{A70C8987-A365-4490-BCE6-DC5A8F5C7D7A}"
EndProject
Global
	GlobalSection(SolutionConfigurationPlatforms) = preSolution
		Debug|x64 = Debug|x64
		Debug|x86 = Debug|x86
		Release|x64 = Release|x64
		Release|x86 = Release|x86
	EndGlobalSection
	GlobalSection(ProjectConfigurationPlatforms) = postSolution
		{D261B139-0244-452F-A7F8-CDB8A362BC2F}.Debug|x64.ActiveCfg = Debug|x64
		{D261B139-0244-452F-A7F8-CDB8A362BC2F}.Debug|x64.Build.0 = Debug|x64
		{D261B139-0244-452F-A7F8-CDB8A362BC2F}.Debug|x86.ActiveCfg = Debug|Win32
		{D261B139-0244-452F-A7F8-CDB8A362BC2F}.Debug|x86.Build.0 = Debug|Win32
		{D261B139-0244-452F-A7F8-CDB8A362BC2F}.Release|x64.ActiveCfg = Release|x64
		{D261B139-0244-452F-A7F8-CDB8A362BC2F}.Release|x64.Build.0 = Release|x64
		{D261B139-0244-452F-A7F8-CDB8A362BC2F}.Release|x86.ActiveCfg = Release|Win32
		{D261B139-0244-452F-A7F8-CDB8A362BC2F}.Release|x86.Build.0 = Release|Win32
		{A70C8987-A365-4490-BCE6-DC5A8F5C7D7A}.Debug|x64.ActiveCfg = Debug|x64
		{A70C8987-A365-4490-BCE6-DC5A8F5C7D7A}.Debug|x64.Build.0 = Debug|x64
		{A70C8987-A365-4490-BCE6-DC5A8F5C7D7A}.Debug|x86.ActiveCfg = Debug|Win32
		{A70C8987-A365-4490-BCE6-DC5A8F5C7D7A}.Debug|x86.Build.0 = Debug|Win32
		{A70C8987-A365-4490-BCE6-DC5A8F5C7D7A}.Release|x64.ActiveCfg = Release|x64
		{A70C8987-A365-4490-BCE6-DC5A8F5C7D7A}.Release|x64.Build.0 = Release|x64
		{A70C8987-A365-4490-BCE6-DC5A8F5C7D7A}.Release|x86.ActiveCfg = Release|Win32
		{A70C8987-A365-4490-BCE6-DC5A8F5C7D7A}.Release|x86.Build.0 = Release|Win32
	EndGlobalSection
	GlobalSection(SolutionProperties) = preSolution
		HideSolutionNode = FALSE
	EndGlobalSection
	GlobalSection(ExtensibilityGlobals) = postSolution
		SolutionGuid = {B5780C0D-13CE-417D-844D-32A02E0C22DC}
	EndGlobalSection
EndGlobal
